// !$*UTF8*$!
{
	archiveVersion = 1;
	classes = {
	};
	objectVersion = 51;
	objects = {

/* Begin PBXBuildFile section */
		D6C8B73B2538B7A400ABEBBA /* Numbers.swift in Sources */ = {isa = PBXBuildFile; fileRef = D6C8B73A2538B7A400ABEBBA /* Numbers.swift */; };
		D6C8B7442538C70900ABEBBA /* SmallCollectionViewCell.swift in Sources */ = {isa = PBXBuildFile; fileRef = D6C8B7422538C70900ABEBBA /* SmallCollectionViewCell.swift */; };
		D6C8B7452538C70900ABEBBA /* SmallCollectionViewCell.xib in Resources */ = {isa = PBXBuildFile; fileRef = D6C8B7432538C70900ABEBBA /* SmallCollectionViewCell.xib */; };
		D6C8B7492538CB0C00ABEBBA /* BigCollectionViewCell.swift in Sources */ = {isa = PBXBuildFile; fileRef = D6C8B7472538CB0C00ABEBBA /* BigCollectionViewCell.swift */; };
		D6C8B74A2538CB0C00ABEBBA /* BigCollectionViewCell.xib in Resources */ = {isa = PBXBuildFile; fileRef = D6C8B7482538CB0C00ABEBBA /* BigCollectionViewCell.xib */; };
		D6D3769725375F5900D1D019 /* DataManager.swift in Sources */ = {isa = PBXBuildFile; fileRef = D6D3769625375F5900D1D019 /* DataManager.swift */; };
		D6D3769A25375F7900D1D019 /* ServerManager.swift in Sources */ = {isa = PBXBuildFile; fileRef = D6D3769925375F7900D1D019 /* ServerManager.swift */; };
		D6D3769D25375F9400D1D019 /* Constants.swift in Sources */ = {isa = PBXBuildFile; fileRef = D6D3769C25375F9400D1D019 /* Constants.swift */; };
		D6DBB0E725360D5A00CA58EF /* AppDelegate.swift in Sources */ = {isa = PBXBuildFile; fileRef = D6DBB0E625360D5A00CA58EF /* AppDelegate.swift */; };
		D6DBB0E925360D5A00CA58EF /* SceneDelegate.swift in Sources */ = {isa = PBXBuildFile; fileRef = D6DBB0E825360D5A00CA58EF /* SceneDelegate.swift */; };
		D6DBB0EB25360D5A00CA58EF /* ViewController.swift in Sources */ = {isa = PBXBuildFile; fileRef = D6DBB0EA25360D5A00CA58EF /* ViewController.swift */; };
		D6DBB0EE25360D5A00CA58EF /* Main.storyboard in Resources */ = {isa = PBXBuildFile; fileRef = D6DBB0EC25360D5A00CA58EF /* Main.storyboard */; };
		D6DBB0F025360D5B00CA58EF /* Assets.xcassets in Resources */ = {isa = PBXBuildFile; fileRef = D6DBB0EF25360D5B00CA58EF /* Assets.xcassets */; };
		D6DBB0F325360D5B00CA58EF /* LaunchScreen.storyboard in Resources */ = {isa = PBXBuildFile; fileRef = D6DBB0F125360D5B00CA58EF /* LaunchScreen.storyboard */; };
		E0FEC86F81D5FA3AC19E0B77 /* Pods_GiniAppsProject.framework in Frameworks */ = {isa = PBXBuildFile; fileRef = 9506D9AEE40DC566E352197E /* Pods_GiniAppsProject.framework */; };
/* End PBXBuildFile section */

/* Begin PBXFileReference section */
		195010275A45093F16BCEECC /* Pods-GiniAppsProject.release.xcconfig */ = {isa = PBXFileReference; includeInIndex = 1; lastKnownFileType = text.xcconfig; name = "Pods-GiniAppsProject.release.xcconfig"; path = "Target Support Files/Pods-GiniAppsProject/Pods-GiniAppsProject.release.xcconfig"; sourceTree = "<group>"; };
		23A23ED635877FC56F129054 /* Pods-GiniAppsProject.debug.xcconfig */ = {isa = PBXFileReference; includeInIndex = 1; lastKnownFileType = text.xcconfig; name = "Pods-GiniAppsProject.debug.xcconfig"; path = "Target Support Files/Pods-GiniAppsProject/Pods-GiniAppsProject.debug.xcconfig"; sourceTree = "<group>"; };
		9506D9AEE40DC566E352197E /* Pods_GiniAppsProject.framework */ = {isa = PBXFileReference; explicitFileType = wrapper.framework; includeInIndex = 0; path = Pods_GiniAppsProject.framework; sourceTree = BUILT_PRODUCTS_DIR; };
		D6C8B73A2538B7A400ABEBBA /* Numbers.swift */ = {isa = PBXFileReference; lastKnownFileType = sourcecode.swift; path = Numbers.swift; sourceTree = "<group>"; };
		D6C8B7422538C70900ABEBBA /* SmallCollectionViewCell.swift */ = {isa = PBXFileReference; lastKnownFileType = sourcecode.swift; path = SmallCollectionViewCell.swift; sourceTree = "<group>"; };
		D6C8B7432538C70900ABEBBA /* SmallCollectionViewCell.xib */ = {isa = PBXFileReference; lastKnownFileType = file.xib; path = SmallCollectionViewCell.xib; sourceTree = "<group>"; };
		D6C8B7472538CB0C00ABEBBA /* BigCollectionViewCell.swift */ = {isa = PBXFileReference; lastKnownFileType = sourcecode.swift; path = BigCollectionViewCell.swift; sourceTree = "<group>"; };
		D6C8B7482538CB0C00ABEBBA /* BigCollectionViewCell.xib */ = {isa = PBXFileReference; lastKnownFileType = file.xib; path = BigCollectionViewCell.xib; sourceTree = "<group>"; };
		D6D3769625375F5900D1D019 /* DataManager.swift */ = {isa = PBXFileReference; lastKnownFileType = sourcecode.swift; path = DataManager.swift; sourceTree = "<group>"; };
		D6D3769925375F7900D1D019 /* ServerManager.swift */ = {isa = PBXFileReference; lastKnownFileType = sourcecode.swift; path = ServerManager.swift; sourceTree = "<group>"; };
		D6D3769C25375F9400D1D019 /* Constants.swift */ = {isa = PBXFileReference; lastKnownFileType = sourcecode.swift; path = Constants.swift; sourceTree = "<group>"; };
		D6DBB0E325360D5A00CA58EF /* GiniAppsProject.app */ = {isa = PBXFileReference; explicitFileType = wrapper.application; includeInIndex = 0; path = GiniAppsProject.app; sourceTree = BUILT_PRODUCTS_DIR; };
		D6DBB0E625360D5A00CA58EF /* AppDelegate.swift */ = {isa = PBXFileReference; lastKnownFileType = sourcecode.swift; path = AppDelegate.swift; sourceTree = "<group>"; };
		D6DBB0E825360D5A00CA58EF /* SceneDelegate.swift */ = {isa = PBXFileReference; lastKnownFileType = sourcecode.swift; path = SceneDelegate.swift; sourceTree = "<group>"; };
		D6DBB0EA25360D5A00CA58EF /* ViewController.swift */ = {isa = PBXFileReference; lastKnownFileType = sourcecode.swift; path = ViewController.swift; sourceTree = "<group>"; };
		D6DBB0ED25360D5A00CA58EF /* Base */ = {isa = PBXFileReference; lastKnownFileType = file.storyboard; name = Base; path = Base.lproj/Main.storyboard; sourceTree = "<group>"; };
		D6DBB0EF25360D5B00CA58EF /* Assets.xcassets */ = {isa = PBXFileReference; lastKnownFileType = folder.assetcatalog; path = Assets.xcassets; sourceTree = "<group>"; };
		D6DBB0F225360D5B00CA58EF /* Base */ = {isa = PBXFileReference; lastKnownFileType = file.storyboard; name = Base; path = Base.lproj/LaunchScreen.storyboard; sourceTree = "<group>"; };
		D6DBB0F425360D5B00CA58EF /* Info.plist */ = {isa = PBXFileReference; lastKnownFileType = text.plist.xml; path = Info.plist; sourceTree = "<group>"; };
/* End PBXFileReference section */

/* Begin PBXFrameworksBuildPhase section */
		D6DBB0E025360D5A00CA58EF /* Frameworks */ = {
			isa = PBXFrameworksBuildPhase;
			buildActionMask = 2147483647;
			files = (
				E0FEC86F81D5FA3AC19E0B77 /* Pods_GiniAppsProject.framework in Frameworks */,
			);
			runOnlyForDeploymentPostprocessing = 0;
		};
/* End PBXFrameworksBuildPhase section */

/* Begin PBXGroup section */
		A91A9102007AEF5F7FC3A782 /* Frameworks */ = {
			isa = PBXGroup;
			children = (
				9506D9AEE40DC566E352197E /* Pods_GiniAppsProject.framework */,
			);
			name = Frameworks;
			sourceTree = "<group>";
		};
		D6DBB0DA25360D5A00CA58EF = {
			isa = PBXGroup;
			children = (
				D6DBB0E525360D5A00CA58EF /* GiniAppsProject */,
				D6DBB0E425360D5A00CA58EF /* Products */,
				DB15EA8FB87AD415CD4EA9E0 /* Pods */,
				A91A9102007AEF5F7FC3A782 /* Frameworks */,
			);
			sourceTree = "<group>";
		};
		D6DBB0E425360D5A00CA58EF /* Products */ = {
			isa = PBXGroup;
			children = (
				D6DBB0E325360D5A00CA58EF /* GiniAppsProject.app */,
			);
			name = Products;
			sourceTree = "<group>";
		};
		D6DBB0E525360D5A00CA58EF /* GiniAppsProject */ = {
			isa = PBXGroup;
			children = (
				D6DBB0FD25360D8200CA58EF /* Model */,
				D6DBB0FC25360D7E00CA58EF /* View */,
				D6DBB0FB25360D7600CA58EF /* Controller */,
				D6DBB0E625360D5A00CA58EF /* AppDelegate.swift */,
				D6DBB0E825360D5A00CA58EF /* SceneDelegate.swift */,
				D6DBB0EF25360D5B00CA58EF /* Assets.xcassets */,
				D6DBB0F425360D5B00CA58EF /* Info.plist */,
			);
			path = GiniAppsProject;
			sourceTree = "<group>";
		};
		D6DBB0FB25360D7600CA58EF /* Controller */ = {
			isa = PBXGroup;
			children = (
				D6DBB0EA25360D5A00CA58EF /* ViewController.swift */,
			);
			path = Controller;
			sourceTree = "<group>";
		};
		D6DBB0FC25360D7E00CA58EF /* View */ = {
			isa = PBXGroup;
			children = (
				D6DBB0F125360D5B00CA58EF /* LaunchScreen.storyboard */,
				D6DBB0EC25360D5A00CA58EF /* Main.storyboard */,
				D6C8B7422538C70900ABEBBA /* SmallCollectionViewCell.swift */,
				D6C8B7432538C70900ABEBBA /* SmallCollectionViewCell.xib */,
				D6C8B7472538CB0C00ABEBBA /* BigCollectionViewCell.swift */,
				D6C8B7482538CB0C00ABEBBA /* BigCollectionViewCell.xib */,
			);
			path = View;
			sourceTree = "<group>";
		};
		D6DBB0FD25360D8200CA58EF /* Model */ = {
			isa = PBXGroup;
			children = (
				D6D3769625375F5900D1D019 /* DataManager.swift */,
				D6C8B73A2538B7A400ABEBBA /* Numbers.swift */,
				D6D3769925375F7900D1D019 /* ServerManager.swift */,
				D6D3769C25375F9400D1D019 /* Constants.swift */,
			);
			path = Model;
			sourceTree = "<group>";
		};
		DB15EA8FB87AD415CD4EA9E0 /* Pods */ = {
			isa = PBXGroup;
			children = (
				23A23ED635877FC56F129054 /* Pods-GiniAppsProject.debug.xcconfig */,
				195010275A45093F16BCEECC /* Pods-GiniAppsProject.release.xcconfig */,
			);
			path = Pods;
			sourceTree = "<group>";
		};
/* End PBXGroup section */

/* Begin PBXNativeTarget section */
		D6DBB0E225360D5A00CA58EF /* GiniAppsProject */ = {
			isa = PBXNativeTarget;
			buildConfigurationList = D6DBB0F725360D5B00CA58EF /* Build configuration list for PBXNativeTarget "GiniAppsProject" */;
			buildPhases = (
				0F0CCCD051C262E93FBB6C3C /* [CP] Check Pods Manifest.lock */,
				D6DBB0DF25360D5A00CA58EF /* Sources */,
				D6DBB0E025360D5A00CA58EF /* Frameworks */,
				D6DBB0E125360D5A00CA58EF /* Resources */,
				708370281068CFB5E8D75DA2 /* [CP] Embed Pods Frameworks */,
			);
			buildRules = (
			);
			dependencies = (
			);
			name = GiniAppsProject;
			productName = GiniAppsProject;
			productReference = D6DBB0E325360D5A00CA58EF /* GiniAppsProject.app */;
			productType = "com.apple.product-type.application";
		};
/* End PBXNativeTarget section */

/* Begin PBXProject section */
		D6DBB0DB25360D5A00CA58EF /* Project object */ = {
			isa = PBXProject;
			attributes = {
				LastSwiftUpdateCheck = 1200;
				LastUpgradeCheck = 1200;
				TargetAttributes = {
					D6DBB0E225360D5A00CA58EF = {
						CreatedOnToolsVersion = 12.0.1;
					};
				};
			};
			buildConfigurationList = D6DBB0DE25360D5A00CA58EF /* Build configuration list for PBXProject "GiniAppsProject" */;
			compatibilityVersion = "Xcode 9.3";
			developmentRegion = en;
			hasScannedForEncodings = 0;
			knownRegions = (
				en,
				Base,
			);
			mainGroup = D6DBB0DA25360D5A00CA58EF;
			productRefGroup = D6DBB0E425360D5A00CA58EF /* Products */;
			projectDirPath = "";
			projectRoot = "";
			targets = (
				D6DBB0E225360D5A00CA58EF /* GiniAppsProject */,
			);
		};
/* End PBXProject section */

/* Begin PBXResourcesBuildPhase section */
		D6DBB0E125360D5A00CA58EF /* Resources */ = {
			isa = PBXResourcesBuildPhase;
			buildActionMask = 2147483647;
			files = (
				D6C8B7452538C70900ABEBBA /* SmallCollectionViewCell.xib in Resources */,
				D6DBB0F325360D5B00CA58EF /* LaunchScreen.storyboard in Resources */,
				D6DBB0F025360D5B00CA58EF /* Assets.xcassets in Resources */,
				D6C8B74A2538CB0C00ABEBBA /* BigCollectionViewCell.xib in Resources */,
				D6DBB0EE25360D5A00CA58EF /* Main.storyboard in Resources */,
			);
			runOnlyForDeploymentPostprocessing = 0;
		};
/* End PBXResourcesBuildPhase section */

/* Begin PBXShellScriptBuildPhase section */
		0F0CCCD051C262E93FBB6C3C /* [CP] Check Pods Manifest.lock */ = {
			isa = PBXShellScriptBuildPhase;
			buildActionMask = 2147483647;
			files = (
			);
			inputFileListPaths = (
			);
			inputPaths = (
				"${PODS_PODFILE_DIR_PATH}/Podfile.lock",
				"${PODS_ROOT}/Manifest.lock",
			);
			name = "[CP] Check Pods Manifest.lock";
			outputFileListPaths = (
			);
			outputPaths = (
				"$(DERIVED_FILE_DIR)/Pods-GiniAppsProject-checkManifestLockResult.txt",
			);
			runOnlyForDeploymentPostprocessing = 0;
			shellPath = /bin/sh;
			shellScript = "diff \"${PODS_PODFILE_DIR_PATH}/Podfile.lock\" \"${PODS_ROOT}/Manifest.lock\" > /dev/null\nif [ $? != 0 ] ; then\n    # print error to STDERR\n    echo \"error: The sandbox is not in sync with the Podfile.lock. Run 'pod install' or update your CocoaPods installation.\" >&2\n    exit 1\nfi\n# This output is used by Xcode 'outputs' to avoid re-running this script phase.\necho \"SUCCESS\" > \"${SCRIPT_OUTPUT_FILE_0}\"\n";
			showEnvVarsInLog = 0;
		};
		708370281068CFB5E8D75DA2 /* [CP] Embed Pods Frameworks */ = {
			isa = PBXShellScriptBuildPhase;
			buildActionMask = 2147483647;
			files = (
			);
			inputFileListPaths = (
				"${PODS_ROOT}/Target Support Files/Pods-GiniAppsProject/Pods-GiniAppsProject-frameworks-${CONFIGURATION}-input-files.xcfilelist",
			);
			name = "[CP] Embed Pods Frameworks";
			outputFileListPaths = (
				"${PODS_ROOT}/Target Support Files/Pods-GiniAppsProject/Pods-GiniAppsProject-frameworks-${CONFIGURATION}-output-files.xcfilelist",
			);
			runOnlyForDeploymentPostprocessing = 0;
			shellPath = /bin/sh;
			shellScript = "\"${PODS_ROOT}/Target Support Files/Pods-GiniAppsProject/Pods-GiniAppsProject-frameworks.sh\"\n";
			showEnvVarsInLog = 0;
		};
/* End PBXShellScriptBuildPhase section */

/* Begin PBXSourcesBuildPhase section */
		D6DBB0DF25360D5A00CA58EF /* Sources */ = {
			isa = PBXSourcesBuildPhase;
			buildActionMask = 2147483647;
			files = (
				D6C8B7442538C70900ABEBBA /* SmallCollectionViewCell.swift in Sources */,
				D6D3769A25375F7900D1D019 /* ServerManager.swift in Sources */,
				D6DBB0EB25360D5A00CA58EF /* ViewController.swift in Sources */,
				D6C8B7492538CB0C00ABEBBA /* BigCollectionViewCell.swift in Sources */,
				D6C8B73B2538B7A400ABEBBA /* Numbers.swift in Sources */,
				D6D3769D25375F9400D1D019 /* Constants.swift in Sources */,
				D6D3769725375F5900D1D019 /* DataManager.swift in Sources */,
				D6DBB0E725360D5A00CA58EF /* AppDelegate.swift in Sources */,
				D6DBB0E925360D5A00CA58EF /* SceneDelegate.swift in Sources */,
			);
			runOnlyForDeploymentPostprocessing = 0;
		};
/* End PBXSourcesBuildPhase section */

/* Begin PBXVariantGroup section */
		D6DBB0EC25360D5A00CA58EF /* Main.storyboard */ = {
			isa = PBXVariantGroup;
			children = (
				D6DBB0ED25360D5A00CA58EF /* Base */,
			);
			name = Main.storyboard;
			sourceTree = "<group>";
		};
		D6DBB0F125360D5B00CA58EF /* LaunchScreen.storyboard */ = {
			isa = PBXVariantGroup;
			children = (
				D6DBB0F225360D5B00CA58EF /* Base */,
			);
			name = LaunchScreen.storyboard;
			sourceTree = "<group>";
		};
/* End PBXVariantGroup section */

/* Begin XCBuildConfiguration section */
		D6DBB0F525360D5B00CA58EF /* Debug */ = {
			isa = XCBuildConfiguration;
			buildSettings = {
				ALWAYS_SEARCH_USER_PATHS = NO;
				CLANG_ANALYZER_NONNULL = YES;
				CLANG_ANALYZER_NUMBER_OBJECT_CONVERSION = YES_AGGRESSIVE;
				CLANG_CXX_LANGUAGE_STANDARD = "gnu++14";
				CLANG_CXX_LIBRARY = "libc++";
				CLANG_ENABLE_MODULES = YES;
				CLANG_ENABLE_OBJC_ARC = YES;
				CLANG_ENABLE_OBJC_WEAK = YES;
				CLANG_WARN_BLOCK_CAPTURE_AUTORELEASING = YES;
				CLANG_WARN_BOOL_CONVERSION = YES;
				CLANG_WARN_COMMA = YES;
				CLANG_WARN_CONSTANT_CONVERSION = YES;
				CLANG_WARN_DEPRECATED_OBJC_IMPLEMENTATIONS = YES;
				CLANG_WARN_DIRECT_OBJC_ISA_USAGE = YES_ERROR;
				CLANG_WARN_DOCUMENTATION_COMMENTS = YES;
				CLANG_WARN_EMPTY_BODY = YES;
				CLANG_WARN_ENUM_CONVERSION = YES;
				CLANG_WARN_INFINITE_RECURSION = YES;
				CLANG_WARN_INT_CONVERSION = YES;
				CLANG_WARN_NON_LITERAL_NULL_CONVERSION = YES;
				CLANG_WARN_OBJC_IMPLICIT_RETAIN_SELF = YES;
				CLANG_WARN_OBJC_LITERAL_CONVERSION = YES;
				CLANG_WARN_OBJC_ROOT_CLASS = YES_ERROR;
				CLANG_WARN_QUOTED_INCLUDE_IN_FRAMEWORK_HEADER = YES;
				CLANG_WARN_RANGE_LOOP_ANALYSIS = YES;
				CLANG_WARN_STRICT_PROTOTYPES = YES;
				CLANG_WARN_SUSPICIOUS_MOVE = YES;
				CLANG_WARN_UNGUARDED_AVAILABILITY = YES_AGGRESSIVE;
				CLANG_WARN_UNREACHABLE_CODE = YES;
				CLANG_WARN__DUPLICATE_METHOD_MATCH = YES;
				COPY_PHASE_STRIP = NO;
				DEBUG_INFORMATION_FORMAT = dwarf;
				ENABLE_STRICT_OBJC_MSGSEND = YES;
				ENABLE_TESTABILITY = YES;
				GCC_C_LANGUAGE_STANDARD = gnu11;
				GCC_DYNAMIC_NO_PIC = NO;
				GCC_NO_COMMON_BLOCKS = YES;
				GCC_OPTIMIZATION_LEVEL = 0;
				GCC_PREPROCESSOR_DEFINITIONS = (
					"DEBUG=1",
					"$(inherited)",
				);
				GCC_WARN_64_TO_32_BIT_CONVERSION = YES;
				GCC_WARN_ABOUT_RETURN_TYPE = YES_ERROR;
				GCC_WARN_UNDECLARED_SELECTOR = YES;
				GCC_WARN_UNINITIALIZED_AUTOS = YES_AGGRESSIVE;
				GCC_WARN_UNUSED_FUNCTION = YES;
				GCC_WARN_UNUSED_VARIABLE = YES;
				IPHONEOS_DEPLOYMENT_TARGET = 14.0;
				MTL_ENABLE_DEBUG_INFO = INCLUDE_SOURCE;
				MTL_FAST_MATH = YES;
				ONLY_ACTIVE_ARCH = YES;
				SDKROOT = iphoneos;
				SWIFT_ACTIVE_COMPILATION_CONDITIONS = DEBUG;
				SWIFT_OPTIMIZATION_LEVEL = "-Onone";
			};
			name = Debug;
		};
		D6DBB0F625360D5B00CA58EF /* Release */ = {
			isa = XCBuildConfiguration;
			buildSettings = {
				ALWAYS_SEARCH_USER_PATHS = NO;
				CLANG_ANALYZER_NONNULL = YES;
				CLANG_ANALYZER_NUMBER_OBJECT_CONVERSION = YES_AGGRESSIVE;
				CLANG_CXX_LANGUAGE_STANDARD = "gnu++14";
				CLANG_CXX_LIBRARY = "libc++";
				CLANG_ENABLE_MODULES = YES;
				CLANG_ENABLE_OBJC_ARC = YES;
				CLANG_ENABLE_OBJC_WEAK = YES;
				CLANG_WARN_BLOCK_CAPTURE_AUTORELEASING = YES;
				CLANG_WARN_BOOL_CONVERSION = YES;
				CLANG_WARN_COMMA = YES;
				CLANG_WARN_CONSTANT_CONVERSION = YES;
				CLANG_WARN_DEPRECATED_OBJC_IMPLEMENTATIONS = YES;
				CLANG_WARN_DIRECT_OBJC_ISA_USAGE = YES_ERROR;
				CLANG_WARN_DOCUMENTATION_COMMENTS = YES;
				CLANG_WARN_EMPTY_BODY = YES;
				CLANG_WARN_ENUM_CONVERSION = YES;
				CLANG_WARN_INFINITE_RECURSION = YES;
				CLANG_WARN_INT_CONVERSION = YES;
				CLANG_WARN_NON_LITERAL_NULL_CONVERSION = YES;
				CLANG_WARN_OBJC_IMPLICIT_RETAIN_SELF = YES;
				CLANG_WARN_OBJC_LITERAL_CONVERSION = YES;
				CLANG_WARN_OBJC_ROOT_CLASS = YES_ERROR;
				CLANG_WARN_QUOTED_INCLUDE_IN_FRAMEWORK_HEADER = YES;
				CLANG_WARN_RANGE_LOOP_ANALYSIS = YES;
				CLANG_WARN_STRICT_PROTOTYPES = YES;
				CLANG_WARN_SUSPICIOUS_MOVE = YES;
				CLANG_WARN_UNGUARDED_AVAILABILITY = YES_AGGRESSIVE;
				CLANG_WARN_UNREACHABLE_CODE = YES;
				CLANG_WARN__DUPLICATE_METHOD_MATCH = YES;
				COPY_PHASE_STRIP = NO;
				DEBUG_INFORMATION_FORMAT = "dwarf-with-dsym";
				ENABLE_NS_ASSERTIONS = NO;
				ENABLE_STRICT_OBJC_MSGSEND = YES;
				GCC_C_LANGUAGE_STANDARD = gnu11;
				GCC_NO_COMMON_BLOCKS = YES;
				GCC_WARN_64_TO_32_BIT_CONVERSION = YES;
				GCC_WARN_ABOUT_RETURN_TYPE = YES_ERROR;
				GCC_WARN_UNDECLARED_SELECTOR = YES;
				GCC_WARN_UNINITIALIZED_AUTOS = YES_AGGRESSIVE;
				GCC_WARN_UNUSED_FUNCTION = YES;
				GCC_WARN_UNUSED_VARIABLE = YES;
				IPHONEOS_DEPLOYMENT_TARGET = 14.0;
				MTL_ENABLE_DEBUG_INFO = NO;
				MTL_FAST_MATH = YES;
				SDKROOT = iphoneos;
				SWIFT_COMPILATION_MODE = wholemodule;
				SWIFT_OPTIMIZATION_LEVEL = "-O";
				VALIDATE_PRODUCT = YES;
			};
			name = Release;
		};
		D6DBB0F825360D5B00CA58EF /* Debug */ = {
			isa = XCBuildConfiguration;
			baseConfigurationReference = 23A23ED635877FC56F129054 /* Pods-GiniAppsProject.debug.xcconfig */;
			buildSettings = {
				ASSETCATALOG_COMPILER_APPICON_NAME = AppIcon;
				ASSETCATALOG_COMPILER_GLOBAL_ACCENT_COLOR_NAME = AccentColor;
				CODE_SIGN_STYLE = Automatic;
				DEVELOPMENT_TEAM = 3V5PB2ET49;
				INFOPLIST_FILE = GiniAppsProject/Info.plist;
				IPHONEOS_DEPLOYMENT_TARGET = 10.0;
				LD_RUNPATH_SEARCH_PATHS = (
					"$(inherited)",
					"@executable_path/Frameworks",
				);
				PRODUCT_BUNDLE_IDENTIFIER = "com.Neria-Jerafi.GiniAppsProject";
				PRODUCT_NAME = "$(TARGET_NAME)";
				SWIFT_VERSION = 5.0;
				TARGETED_DEVICE_FAMILY = "1,2";
			};
			name = Debug;
		};
		D6DBB0F925360D5B00CA58EF /* Release */ = {
			isa = XCBuildConfiguration;
			baseConfigurationReference = 195010275A45093F16BCEECC /* Pods-GiniAppsProject.release.xcconfig */;
			buildSettings = {
				ASSETCATALOG_COMPILER_APPICON_NAME = AppIcon;
				ASSETCATALOG_COMPILER_GLOBAL_ACCENT_COLOR_NAME = AccentColor;
				CODE_SIGN_STYLE = Automatic;
				DEVELOPMENT_TEAM = 3V5PB2ET49;
				INFOPLIST_FILE = GiniAppsProject/Info.plist;
				IPHONEOS_DEPLOYMENT_TARGET = 10.0;
				LD_RUNPATH_SEARCH_PATHS = (
					"$(inherited)",
					"@executable_path/Frameworks",
				);
				PRODUCT_BUNDLE_IDENTIFIER = "com.Neria-Jerafi.GiniAppsProject";
				PRODUCT_NAME = "$(TARGET_NAME)";
				SWIFT_VERSION = 5.0;
				TARGETED_DEVICE_FAMILY = "1,2";
			};
			name = Release;
		};
/* End XCBuildConfiguration section */

/* Begin XCConfigurationList section */
		D6DBB0DE25360D5A00CA58EF /* Build configuration list for PBXProject "GiniAppsProject" */ = {
			isa = XCConfigurationList;
			buildConfigurations = (
				D6DBB0F525360D5B00CA58EF /* Debug */,
				D6DBB0F625360D5B00CA58EF /* Release */,
			);
			defaultConfigurationIsVisible = 0;
			defaultConfigurationName = Release;
		};
		D6DBB0F725360D5B00CA58EF /* Build configuration list for PBXNativeTarget "GiniAppsProject" */ = {
			isa = XCConfigurationList;
			buildConfigurations = (
				D6DBB0F825360D5B00CA58EF /* Debug */,
				D6DBB0F925360D5B00CA58EF /* Release */,
			);
			defaultConfigurationIsVisible = 0;
			defaultConfigurationName = Release;
		};
/* End XCConfigurationList section */
	};
	rootObject = D6DBB0DB25360D5A00CA58EF /* Project object */;
}
